
Microsoft Visual Studio Solution File, Format Version 12.00
# Visual Studio Version 16
VisualStudioVersion = 16.0.29613.14
MinimumVisualStudioVersion = 10.0.40219.1
Project("{FAE04EC0-301F-11D3-BF4B-00C04F79EFBC}") = "PruebaMacal", "PruebaMacal.csproj", "{6063D54C-DCD9-4B29-82E7-1A5D9113A87E}"
EndProject
Global
	GlobalSection(SolutionConfigurationPlatforms) = preSolution
		Debug|Any CPU = Debug|Any CPU
		Release|Any CPU = Release|Any CPU
	EndGlobalSection
	GlobalSection(ProjectConfigurationPlatforms) = postSolution
		{6063D54C-DCD9-4B29-82E7-1A5D9113A87E}.Debug|Any CPU.ActiveCfg = Debug|Any CPU
		{6063D54C-DCD9-4B29-82E7-1A5D9113A87E}.Debug|Any CPU.Build.0 = Debug|Any CPU
		{6063D54C-DCD9-4B29-82E7-1A5D9113A87E}.Release|Any CPU.ActiveCfg = Release|Any CPU
		{6063D54C-DCD9-4B29-82E7-1A5D9113A87E}.Release|Any CPU.Build.0 = Release|Any CPU
	EndGlobalSection
	GlobalSection(SolutionProperties) = preSolution
		HideSolutionNode = FALSE
	EndGlobalSection
	GlobalSection(ExtensibilityGlobals) = postSolution
		SolutionGuid = {49CB6097-D9A4-4464-8622-3C983B90894F}
	EndGlobalSection
EndGlobal
